
Microsoft Visual Studio Solution File, Format Version 12.00
# Visual Studio 2013
VisualStudioVersion = 12.0.40629.0
MinimumVisualStudioVersion = 10.0.40219.1
Project("{FAE04EC0-301F-11D3-BF4B-00C04F79EFBC}") = "SA_ID_Number", "SA_ID_Number\SA_ID_Number.csproj", "{2BA98B3C-1D0F-48DC-AC2E-0A7F8F938BEB}"
EndProject
Project("{FAE04EC0-301F-11D3-BF4B-00C04F79EFBC}") = "SA_ID_Number.Tests", "SA_ID_Number.Tests\SA_ID_Number.Tests.csproj", "{DD47BE1B-EFC8-421C-B7D6-D13E5879DCA6}"
EndProject
Project("{FAE04EC0-301F-11D3-BF4B-00C04F79EFBC}") = "SA_ID_Number_Services", "SA_ID_Number_Services\SA_ID_Number_Services.csproj", "{DCE2AC65-FAFC-4D1D-8738-B8B830DB3838}"
EndProject
Project("{FAE04EC0-301F-11D3-BF4B-00C04F79EFBC}") = "DataLayer", "DataLayer\DataLayer.csproj", "{824F766B-D282-4AF8-9B9B-B0B40C4FA65F}"
EndProject
Global
	GlobalSection(SolutionConfigurationPlatforms) = preSolution
		Debug|Any CPU = Debug|Any CPU
		Release|Any CPU = Release|Any CPU
	EndGlobalSection
	GlobalSection(ProjectConfigurationPlatforms) = postSolution
		{2BA98B3C-1D0F-48DC-AC2E-0A7F8F938BEB}.Debug|Any CPU.ActiveCfg = Debug|Any CPU
		{2BA98B3C-1D0F-48DC-AC2E-0A7F8F938BEB}.Debug|Any CPU.Build.0 = Debug|Any CPU
		{2BA98B3C-1D0F-48DC-AC2E-0A7F8F938BEB}.Release|Any CPU.ActiveCfg = Release|Any CPU
		{2BA98B3C-1D0F-48DC-AC2E-0A7F8F938BEB}.Release|Any CPU.Build.0 = Release|Any CPU
		{DD47BE1B-EFC8-421C-B7D6-D13E5879DCA6}.Debug|Any CPU.ActiveCfg = Debug|Any CPU
		{DD47BE1B-EFC8-421C-B7D6-D13E5879DCA6}.Debug|Any CPU.Build.0 = Debug|Any CPU
		{DD47BE1B-EFC8-421C-B7D6-D13E5879DCA6}.Release|Any CPU.ActiveCfg = Release|Any CPU
		{DD47BE1B-EFC8-421C-B7D6-D13E5879DCA6}.Release|Any CPU.Build.0 = Release|Any CPU
		{DCE2AC65-FAFC-4D1D-8738-B8B830DB3838}.Debug|Any CPU.ActiveCfg = Debug|Any CPU
		{DCE2AC65-FAFC-4D1D-8738-B8B830DB3838}.Debug|Any CPU.Build.0 = Debug|Any CPU
		{DCE2AC65-FAFC-4D1D-8738-B8B830DB3838}.Release|Any CPU.ActiveCfg = Release|Any CPU
		{DCE2AC65-FAFC-4D1D-8738-B8B830DB3838}.Release|Any CPU.Build.0 = Release|Any CPU
		{824F766B-D282-4AF8-9B9B-B0B40C4FA65F}.Debug|Any CPU.ActiveCfg = Debug|Any CPU
		{824F766B-D282-4AF8-9B9B-B0B40C4FA65F}.Debug|Any CPU.Build.0 = Debug|Any CPU
		{824F766B-D282-4AF8-9B9B-B0B40C4FA65F}.Release|Any CPU.ActiveCfg = Release|Any CPU
		{824F766B-D282-4AF8-9B9B-B0B40C4FA65F}.Release|Any CPU.Build.0 = Release|Any CPU
	EndGlobalSection
	GlobalSection(SolutionProperties) = preSolution
		HideSolutionNode = FALSE
	EndGlobalSection
EndGlobal
